Microsoft Visual Studio Solution File, Format Version 10.00
# Visual Studio 2008
Project("{8BC9CEB8-8B4A-11D0-8D11-00A0C91BC942}") = "Clavier", "Clavier.vcproj", "{66754282-6FA1-49D0-97C3-8793C5C3A757}"
EndProject
Project("{8BC9CEB8-8B4A-11D0-8D11-00A0C91BC942}") = "Tests", "Tests\Tests.vcproj", "{07F41C54-84B2-4F78-801A-C93F92642B3B}"
EndProject
Global
	GlobalSection(SolutionConfigurationPlatforms) = preSolution
		Debug|Win32 = Debug|Win32
		DebugUnicode|Win32 = DebugUnicode|Win32
		DebugUnicode|x64 = DebugUnicode|x64
		Release|Win32 = Release|Win32
		ReleaseUnicode|Win32 = ReleaseUnicode|Win32
		ReleaseUnicode|x64 = ReleaseUnicode|x64
	EndGlobalSection
	GlobalSection(ProjectConfigurationPlatforms) = postSolution
		{66754282-6FA1-49D0-97C3-8793C5C3A757}.Debug|Win32.ActiveCfg = Debug|Win32
		{66754282-6FA1-49D0-97C3-8793C5C3A757}.Debug|Win32.Build.0 = Debug|Win32
		{66754282-6FA1-49D0-97C3-8793C5C3A757}.DebugUnicode|Win32.ActiveCfg = DebugUnicode|Win32
		{66754282-6FA1-49D0-97C3-8793C5C3A757}.DebugUnicode|Win32.Build.0 = DebugUnicode|Win32
		{66754282-6FA1-49D0-97C3-8793C5C3A757}.DebugUnicode|x64.ActiveCfg = DebugUnicode|x64
		{66754282-6FA1-49D0-97C3-8793C5C3A757}.DebugUnicode|x64.Build.0 = DebugUnicode|x64
		{66754282-6FA1-49D0-97C3-8793C5C3A757}.Release|Win32.ActiveCfg = Release|Win32
		{66754282-6FA1-49D0-97C3-8793C5C3A757}.Release|Win32.Build.0 = Release|Win32
		{66754282-6FA1-49D0-97C3-8793C5C3A757}.ReleaseUnicode|Win32.ActiveCfg = ReleaseUnicode|Win32
		{66754282-6FA1-49D0-97C3-8793C5C3A757}.ReleaseUnicode|Win32.Build.0 = ReleaseUnicode|Win32
		{66754282-6FA1-49D0-97C3-8793C5C3A757}.ReleaseUnicode|x64.ActiveCfg = ReleaseUnicode|x64
		{66754282-6FA1-49D0-97C3-8793C5C3A757}.ReleaseUnicode|x64.Build.0 = ReleaseUnicode|x64
		{07F41C54-84B2-4F78-801A-C93F92642B3B}.Debug|Win32.ActiveCfg = Debug|Win32
		{07F41C54-84B2-4F78-801A-C93F92642B3B}.Debug|Win32.Build.0 = Debug|Win32
		{07F41C54-84B2-4F78-801A-C93F92642B3B}.DebugUnicode|Win32.ActiveCfg = DebugUnicode|Win32
		{07F41C54-84B2-4F78-801A-C93F92642B3B}.DebugUnicode|Win32.Build.0 = DebugUnicode|Win32
		{07F41C54-84B2-4F78-801A-C93F92642B3B}.DebugUnicode|x64.ActiveCfg = DebugUnicode|x64
		{07F41C54-84B2-4F78-801A-C93F92642B3B}.DebugUnicode|x64.Build.0 = DebugUnicode|x64
		{07F41C54-84B2-4F78-801A-C93F92642B3B}.Release|Win32.ActiveCfg = Debug|Win32
		{07F41C54-84B2-4F78-801A-C93F92642B3B}.Release|Win32.Build.0 = Debug|Win32
		{07F41C54-84B2-4F78-801A-C93F92642B3B}.ReleaseUnicode|Win32.ActiveCfg = DebugUnicode|Win32
		{07F41C54-84B2-4F78-801A-C93F92642B3B}.ReleaseUnicode|Win32.Build.0 = DebugUnicode|Win32
		{07F41C54-84B2-4F78-801A-C93F92642B3B}.ReleaseUnicode|x64.ActiveCfg = DebugUnicode|x64
		{07F41C54-84B2-4F78-801A-C93F92642B3B}.ReleaseUnicode|x64.Build.0 = DebugUnicode|x64
	EndGlobalSection
	GlobalSection(SolutionProperties) = preSolution
		HideSolutionNode = FALSE
	EndGlobalSection
EndGlobal
