<?xml version="1.0" encoding="utf-8"?>
<Project ToolsVersion="4.0" xmlns="http://schemas.microsoft.com/developer/msbuild/2003">
  <ItemGroup>
    <Filter Include="Resource">
      <UniqueIdentifier>{23e0f4c7-9484-4a8b-8835-04c690a17bdb}</UniqueIdentifier>
      <Extensions>ico;bmp;rc</Extensions>
    </Filter>
    <Filter Include="Distrib">
      <UniqueIdentifier>{47495e69-9be1-4a92-a520-93fe36bcf48e}</UniqueIdentifier>
    </Filter>
  </ItemGroup>
  <ItemGroup>
    <ResourceCompile Include="Clavier.rc">
      <Filter>Resource</Filter>
    </ResourceCompile>
    <Manifest Include="Clavier.manifest">
      <Filter>Resource</Filter>
    </Manifest>
  </ItemGroup>
  <ItemGroup>
    <ClCompile Include="App.cpp" />
    <ClCompile Include="Dialogs.cpp" />
    <ClCompile Include="Global.cpp" />
    <ClCompile Include="I18n.cpp" />
    <ClCompile Include="Intrinsics.cpp" />
    <ClCompile Include="Keystroke.cpp" />
    <ClCompile Include="Shortcut.cpp" />
    <ClCompile Include="StdAfx.cpp" />
  </ItemGroup>
  <ItemGroup>
    <ClInclude Include="App.h" />
    <ClInclude Include="Com.h" />
    <ClInclude Include="Dialogs.h" />
    <ClInclude Include="Global.h" />
    <ClInclude Include="I18n.h" />
    <ClInclude Include="Keystroke.h" />
    <ClInclude Include="MyString.h" />
    <ClInclude Include="Resource.h" />
    <ClInclude Include="Shortcut.h" />
    <ClInclude Include="StdAfx.h" />
  </ItemGroup>
  <ItemGroup>
    <Image Include="Add.ico">
      <Filter>Resource</Filter>
    </Image>
    <Image Include="App.ico">
      <Filter>Resource</Filter>
    </Image>
    <Image Include="Combo.ico">
      <Filter>Resource</Filter>
    </Image>
    <Image Include="Delete.ico">
      <Filter>Resource</Filter>
    </Image>
    <Image Include="DonateEN.bmp">
      <Filter>Resource</Filter>
    </Image>
    <Image Include="DonateFR.bmp">
      <Filter>Resource</Filter>
    </Image>
    <Image Include="DonateZH_CN.bmp">
      <Filter>Resource</Filter>
    </Image>
    <Image Include="Edit.ico">
      <Filter>Resource</Filter>
    </Image>
    <Image Include="Target.bmp">
      <Filter>Resource</Filter>
    </Image>
    <Image Include="TargetOn.bmp">
      <Filter>Resource</Filter>
    </Image>
  </ItemGroup>
  <ItemGroup>
    <None Include="Distrib\Clavier.nsi">
      <Filter>Distrib</Filter>
    </None>
    <None Include="Distrib\Clavier.ini">
      <Filter>Distrib</Filter>
    </None>
    <None Include="Distrib\Clavier_de.ini">
      <Filter>Distrib</Filter>
    </None>
    <None Include="Distrib\Clavier_el.ini">
      <Filter>Distrib</Filter>
    </None>
    <None Include="Distrib\Clavier_en.ini">
      <Filter>Distrib</Filter>
    </None>
    <None Include="Distrib\Clavier_es.ini">
      <Filter>Distrib</Filter>
    </None>
    <None Include="Distrib\Clavier_fi.ini">
      <Filter>Distrib</Filter>
    </None>
    <None Include="Distrib\Clavier_fr.ini">
      <Filter>Distrib</Filter>
    </None>
    <None Include="Distrib\Clavier_hu.ini">
      <Filter>Distrib</Filter>
    </None>
    <None Include="Distrib\Clavier_it.ini">
      <Filter>Distrib</Filter>
    </None>
    <None Include="Distrib\Clavier_nl.ini">
      <Filter>Distrib</Filter>
    </None>
    <None Include="Distrib\Clavier_pl.ini">
      <Filter>Distrib</Filter>
    </None>
    <None Include="Distrib\Clavier_pt-BR.ini">
      <Filter>Distrib</Filter>
    </None>
    <None Include="Distrib\Clavier_ru.ini">
      <Filter>Distrib</Filter>
    </None>
    <None Include="Distrib\Clavier_sk.ini">
      <Filter>Distrib</Filter>
    </None>
    <None Include="Distrib\Clavier_zh-CN.ini">
      <Filter>Distrib</Filter>
    </None>
    <None Include="Distrib\documentation_de.html">
      <Filter>Distrib</Filter>
    </None>
    <None Include="Distrib\documentation_en.html">
      <Filter>Distrib</Filter>
    </None>
    <None Include="Distrib\documentation_fr.html">
      <Filter>Distrib</Filter>
    </None>
    <None Include="Distrib\documentation_nl.html">
      <Filter>Distrib</Filter>
    </None>
    <None Include="Distrib\documentation_pt-BR.html">
      <Filter>Distrib</Filter>
    </None>
    <None Include="Distrib\documentation_ru.html">
      <Filter>Distrib</Filter>
    </None>
    <None Include="Target.cur">
      <Filter>Resource</Filter>
    </None>
    <None Include="Makefile" />
  </ItemGroup>
</Project>