Microsoft Visual Studio Solution File, Format Version 12.00
# Visual Studio Version 16
VisualStudioVersion = 16.0.30011.22
MinimumVisualStudioVersion = 10.0.40219.1
Project("{8BC9CEB8-8B4A-11D0-8D11-00A0C91BC942}") = "Clavier", "Clavier.vcxproj", "{66754282-6FA1-49D0-97C3-8793C5C3A757}"
EndProject
Project("{8BC9CEB8-8B4A-11D0-8D11-00A0C91BC942}") = "Tests", "Tests\Tests.vcxproj", "{07F41C54-84B2-4F78-801A-C93F92642B3B}"
EndProject
Global
	GlobalSection(SolutionConfigurationPlatforms) = preSolution
		Debug|x64 = Debug|x64
		Release|x64 = Release|x64
	EndGlobalSection
	GlobalSection(ProjectConfigurationPlatforms) = postSolution
		{66754282-6FA1-49D0-97C3-8793C5C3A757}.Debug|x64.ActiveCfg = Debug|x64
		{66754282-6FA1-49D0-97C3-8793C5C3A757}.Debug|x64.Build.0 = Debug|x64
		{66754282-6FA1-49D0-97C3-8793C5C3A757}.Release|x64.ActiveCfg = Release|x64
		{66754282-6FA1-49D0-97C3-8793C5C3A757}.Release|x64.Build.0 = Release|x64
		{07F41C54-84B2-4F78-801A-C93F92642B3B}.Debug|x64.ActiveCfg = Debug|x64
		{07F41C54-84B2-4F78-801A-C93F92642B3B}.Debug|x64.Build.0 = Debug|x64
		{07F41C54-84B2-4F78-801A-C93F92642B3B}.Release|x64.ActiveCfg = Debug|x64
		{07F41C54-84B2-4F78-801A-C93F92642B3B}.Release|x64.Build.0 = Debug|x64
	EndGlobalSection
	GlobalSection(SolutionProperties) = preSolution
		HideSolutionNode = FALSE
	EndGlobalSection
	GlobalSection(ExtensibilityGlobals) = postSolution
		SolutionGuid = {BFCE447E-2ED8-4688-85AC-3719A343DEB4}
	EndGlobalSection
EndGlobal
